name: bootstrap-lock

on:
  pull_request:
  workflow_dispatch:

permissions:
  contents: read

jobs:
  package-lock:
    runs-on: ubuntu-latest
    timeout-minutes: 10
    steps:
      - uses: actions/checkout@v4
      - uses: actions/setup-node@v4
        with:
          node-version: 22
          cache: npm
          cache-dependency-path: package.json
      - name: Generate exact package lock
        run: npm install --package-lock-only --ignore-scripts
      - name: Validate lock
        run: |
          npm ci --ignore-scripts
          npm ls --all
      - name: Upload lockfile
        uses: actions/upload-artifact@v4
        with:
          name: package-lock
          path: package-lock.json
          if-no-files-found: error
          retention-days: 2
